
Microsoft Visual Studio Solution File, Format Version 12.00
# Visual Studio Version 17
VisualStudioVersion = 17.5.33530.505
MinimumVisualStudioVersion = 10.0.40219.1
Project("{9A19103F-16F7-4668-BE54-9A1E7A4F7556}") = "Services", "Services\Services.csproj", "{B3BC7806-57F1-438B-AEC1-007C7214D635}"
EndProject
Project("{9A19103F-16F7-4668-BE54-9A1E7A4F7556}") = "WinFormUIProducer", "WinFormUIProducer\WinFormUIProducer.csproj", "{8389D1BA-BD8E-4BB5-8390-7352DA1CDE9B}"
EndProject
Project("{FAE04EC0-301F-11D3-BF4B-00C04F79EFBC}") = "Consumer", "Consumer\Consumer.csproj", "{F4594066-1583-4F6B-BEBA-5C0FF6D7A4B4}"
EndProject
Global
	GlobalSection(SolutionConfigurationPlatforms) = preSolution
		Debug|Any CPU = Debug|Any CPU
		Release|Any CPU = Release|Any CPU
	EndGlobalSection
	GlobalSection(ProjectConfigurationPlatforms) = postSolution
		{B3BC7806-57F1-438B-AEC1-007C7214D635}.Debug|Any CPU.ActiveCfg = Debug|Any CPU
		{B3BC7806-57F1-438B-AEC1-007C7214D635}.Debug|Any CPU.Build.0 = Debug|Any CPU
		{B3BC7806-57F1-438B-AEC1-007C7214D635}.Release|Any CPU.ActiveCfg = Release|Any CPU
		{B3BC7806-57F1-438B-AEC1-007C7214D635}.Release|Any CPU.Build.0 = Release|Any CPU
		{8389D1BA-BD8E-4BB5-8390-7352DA1CDE9B}.Debug|Any CPU.ActiveCfg = Debug|Any CPU
		{8389D1BA-BD8E-4BB5-8390-7352DA1CDE9B}.Debug|Any CPU.Build.0 = Debug|Any CPU
		{8389D1BA-BD8E-4BB5-8390-7352DA1CDE9B}.Release|Any CPU.ActiveCfg = Release|Any CPU
		{8389D1BA-BD8E-4BB5-8390-7352DA1CDE9B}.Release|Any CPU.Build.0 = Release|Any CPU
		{F4594066-1583-4F6B-BEBA-5C0FF6D7A4B4}.Debug|Any CPU.ActiveCfg = Debug|Any CPU
		{F4594066-1583-4F6B-BEBA-5C0FF6D7A4B4}.Debug|Any CPU.Build.0 = Debug|Any CPU
		{F4594066-1583-4F6B-BEBA-5C0FF6D7A4B4}.Release|Any CPU.ActiveCfg = Release|Any CPU
		{F4594066-1583-4F6B-BEBA-5C0FF6D7A4B4}.Release|Any CPU.Build.0 = Release|Any CPU
	EndGlobalSection
	GlobalSection(SolutionProperties) = preSolution
		HideSolutionNode = FALSE
	EndGlobalSection
	GlobalSection(ExtensibilityGlobals) = postSolution
		SolutionGuid = {56D496EB-E2E4-40FE-8CEB-D1B2B0BFEAF2}
	EndGlobalSection
EndGlobal
